{
  "name": "myapp",
  "version": "1.0.0",
  "lockfileVersion": 2,
  "requires": true,
  "packages": {
    "": {
      "name": "myapp",
      "version": "1.0.0",
      "license": "ISC",
      "dependencies": {
        "@mrcarromesa/fluentsql": ">1.0.0 <2.0.1"
      }
    },
    "node_modules/@mrcarromesa/fluentsql": {
      "version": "2.0.0",
      "resolved": "https://registry.npmjs.org/@mrcarromesa/fluentsql/-/fluentsql-2.0.0.tgz",
      "integrity": "sha512-6l2XmUxsGudiIN9s/i0g6o0lpTi6hakRAyIUEUroG30v4UOD4un6COSIxFTsVKJpaJGnYFpQIliQDQ+8B94GlQ=="
    }
  },
  "dependencies": {
    "@mrcarromesa/fluentsql": {
      "version": "2.0.0",
      "resolved": "https://registry.npmjs.org/@mrcarromesa/fluentsql/-/fluentsql-2.0.0.tgz",
      "integrity": "sha512-6l2XmUxsGudiIN9s/i0g6o0lpTi6hakRAyIUEUroG30v4UOD4un6COSIxFTsVKJpaJGnYFpQIliQDQ+8B94GlQ=="
    }
  }
}
